
Microsoft Visual Studio Solution File, Format Version 12.00
# Visual Studio 15
VisualStudioVersion = 15.0.27004.2005
MinimumVisualStudioVersion = 10.0.40219.1
Project("{9A19103F-16F7-4668-BE54-9A1E7A4F7556}") = "EmpFeedback.WebAPI", "EmpFeedback.WebAPI\EmpFeedback.WebAPI.csproj", "{DA51A8A5-A816-4BF1-A605-E385469591D3}"
EndProject
Project("{9A19103F-16F7-4668-BE54-9A1E7A4F7556}") = "EmpFeedback.Data", "EmpFeedback.Data\EmpFeedback.Data.csproj", "{E978157C-1BED-415F-8C3F-1899F7574F3F}"
EndProject
Project("{FAE04EC0-301F-11D3-BF4B-00C04F79EFBC}") = "EmpFeedback.Web", "EmpFeedback.Web\EmpFeedback.Web.csproj", "{C4A61EB7-38D3-451E-979A-C126BD9F7C2B}"
EndProject
Global
	GlobalSection(SolutionConfigurationPlatforms) = preSolution
		Debug|Any CPU = Debug|Any CPU
		Release|Any CPU = Release|Any CPU
	EndGlobalSection
	GlobalSection(ProjectConfigurationPlatforms) = postSolution
		{DA51A8A5-A816-4BF1-A605-E385469591D3}.Debug|Any CPU.ActiveCfg = Debug|Any CPU
		{DA51A8A5-A816-4BF1-A605-E385469591D3}.Debug|Any CPU.Build.0 = Debug|Any CPU
		{DA51A8A5-A816-4BF1-A605-E385469591D3}.Release|Any CPU.ActiveCfg = Release|Any CPU
		{DA51A8A5-A816-4BF1-A605-E385469591D3}.Release|Any CPU.Build.0 = Release|Any CPU
		{E978157C-1BED-415F-8C3F-1899F7574F3F}.Debug|Any CPU.ActiveCfg = Debug|Any CPU
		{E978157C-1BED-415F-8C3F-1899F7574F3F}.Debug|Any CPU.Build.0 = Debug|Any CPU
		{E978157C-1BED-415F-8C3F-1899F7574F3F}.Release|Any CPU.ActiveCfg = Release|Any CPU
		{E978157C-1BED-415F-8C3F-1899F7574F3F}.Release|Any CPU.Build.0 = Release|Any CPU
		{C4A61EB7-38D3-451E-979A-C126BD9F7C2B}.Debug|Any CPU.ActiveCfg = Debug|Any CPU
		{C4A61EB7-38D3-451E-979A-C126BD9F7C2B}.Debug|Any CPU.Build.0 = Debug|Any CPU
		{C4A61EB7-38D3-451E-979A-C126BD9F7C2B}.Release|Any CPU.ActiveCfg = Release|Any CPU
		{C4A61EB7-38D3-451E-979A-C126BD9F7C2B}.Release|Any CPU.Build.0 = Release|Any CPU
	EndGlobalSection
	GlobalSection(SolutionProperties) = preSolution
		HideSolutionNode = FALSE
	EndGlobalSection
	GlobalSection(ExtensibilityGlobals) = postSolution
		SolutionGuid = {5CB4DB76-2AA3-4CFD-BAC7-AEDE12030410}
	EndGlobalSection
EndGlobal
